
Microsoft Visual Studio Solution File, Format Version 12.00
# Visual Studio Version 16
VisualStudioVersion = 16.0.29209.62
MinimumVisualStudioVersion = 10.0.40219.1
Project("{FAE04EC0-301F-11D3-BF4B-00C04F79EFBC}") = "Ishp_PluginServer", "Ishp_VideoPluginServer\Ishp_PluginServer.csproj", "{1A9EFE83-D589-4C43-BC86-1AE681D39EB1}"
EndProject
Global
	GlobalSection(SolutionConfigurationPlatforms) = preSolution
		Debug|Any CPU = Debug|Any CPU
		Release|Any CPU = Release|Any CPU
	EndGlobalSection
	GlobalSection(ProjectConfigurationPlatforms) = postSolution
		{1A9EFE83-D589-4C43-BC86-1AE681D39EB1}.Debug|Any CPU.ActiveCfg = Debug|Any CPU
		{1A9EFE83-D589-4C43-BC86-1AE681D39EB1}.Debug|Any CPU.Build.0 = Debug|Any CPU
		{1A9EFE83-D589-4C43-BC86-1AE681D39EB1}.Release|Any CPU.ActiveCfg = Release|Any CPU
		{1A9EFE83-D589-4C43-BC86-1AE681D39EB1}.Release|Any CPU.Build.0 = Release|Any CPU
	EndGlobalSection
	GlobalSection(SolutionProperties) = preSolution
		HideSolutionNode = FALSE
	EndGlobalSection
	GlobalSection(ExtensibilityGlobals) = postSolution
		SolutionGuid = {5F0240D6-7AD1-4584-83FE-940504F44689}
	EndGlobalSection
EndGlobal
